
Microsoft Visual Studio Solution File, Format Version 12.00
# Visual Studio Version 17
VisualStudioVersion = 17.1.32228.430
MinimumVisualStudioVersion = 10.0.40219.1
Project("{9A19103F-16F7-4668-BE54-9A1E7A4F7556}") = "MeliTest.Api", "MeliTest.Api\MeliTest.Api.csproj", "{323F1162-9900-49F7-AF6B-6B6EB4234ABC}"
EndProject
Project("{9A19103F-16F7-4668-BE54-9A1E7A4F7556}") = "MeliTest.Core", "MeliTest.Core\MeliTest.Core.csproj", "{EF8BC2FA-E1C0-4C9A-AA4D-FD823D705F47}"
EndProject
Project("{9A19103F-16F7-4668-BE54-9A1E7A4F7556}") = "MeliTest.Intrastructure", "MeliTest.Intrastructure\MeliTest.Intrastructure.csproj", "{FCFC07A2-9B6C-4253-939A-C9B885118000}"
EndProject
Project("{2150E333-8FDC-42A3-9474-1A3956D46DE8}") = "Test", "Test", "{9FA98186-D785-4382-A581-CFB7313BEB8D}"
EndProject
Project("{9A19103F-16F7-4668-BE54-9A1E7A4F7556}") = "MeliTest.UnitTest", "MeliTest.UnitTest\MeliTest.UnitTest.csproj", "{E721EBA4-D1D8-4752-8A56-CC6D61EAB187}"
EndProject
Project("{9A19103F-16F7-4668-BE54-9A1E7A4F7556}") = "MeliTest.IntegrationTest", "MeliTest.IntegrationTest\MeliTest.IntegrationTest.csproj", "{B91E89B5-1380-4A4B-88FE-66A5558EBBF8}"
EndProject
Global
	GlobalSection(SolutionConfigurationPlatforms) = preSolution
		Debug|Any CPU = Debug|Any CPU
		Release|Any CPU = Release|Any CPU
	EndGlobalSection
	GlobalSection(ProjectConfigurationPlatforms) = postSolution
		{323F1162-9900-49F7-AF6B-6B6EB4234ABC}.Debug|Any CPU.ActiveCfg = Debug|Any CPU
		{323F1162-9900-49F7-AF6B-6B6EB4234ABC}.Debug|Any CPU.Build.0 = Debug|Any CPU
		{323F1162-9900-49F7-AF6B-6B6EB4234ABC}.Release|Any CPU.ActiveCfg = Release|Any CPU
		{323F1162-9900-49F7-AF6B-6B6EB4234ABC}.Release|Any CPU.Build.0 = Release|Any CPU
		{EF8BC2FA-E1C0-4C9A-AA4D-FD823D705F47}.Debug|Any CPU.ActiveCfg = Debug|Any CPU
		{EF8BC2FA-E1C0-4C9A-AA4D-FD823D705F47}.Debug|Any CPU.Build.0 = Debug|Any CPU
		{EF8BC2FA-E1C0-4C9A-AA4D-FD823D705F47}.Release|Any CPU.ActiveCfg = Release|Any CPU
		{EF8BC2FA-E1C0-4C9A-AA4D-FD823D705F47}.Release|Any CPU.Build.0 = Release|Any CPU
		{FCFC07A2-9B6C-4253-939A-C9B885118000}.Debug|Any CPU.ActiveCfg = Debug|Any CPU
		{FCFC07A2-9B6C-4253-939A-C9B885118000}.Debug|Any CPU.Build.0 = Debug|Any CPU
		{FCFC07A2-9B6C-4253-939A-C9B885118000}.Release|Any CPU.ActiveCfg = Release|Any CPU
		{FCFC07A2-9B6C-4253-939A-C9B885118000}.Release|Any CPU.Build.0 = Release|Any CPU
		{E721EBA4-D1D8-4752-8A56-CC6D61EAB187}.Debug|Any CPU.ActiveCfg = Debug|Any CPU
		{E721EBA4-D1D8-4752-8A56-CC6D61EAB187}.Debug|Any CPU.Build.0 = Debug|Any CPU
		{E721EBA4-D1D8-4752-8A56-CC6D61EAB187}.Release|Any CPU.ActiveCfg = Release|Any CPU
		{E721EBA4-D1D8-4752-8A56-CC6D61EAB187}.Release|Any CPU.Build.0 = Release|Any CPU
		{B91E89B5-1380-4A4B-88FE-66A5558EBBF8}.Debug|Any CPU.ActiveCfg = Debug|Any CPU
		{B91E89B5-1380-4A4B-88FE-66A5558EBBF8}.Debug|Any CPU.Build.0 = Debug|Any CPU
		{B91E89B5-1380-4A4B-88FE-66A5558EBBF8}.Release|Any CPU.ActiveCfg = Release|Any CPU
		{B91E89B5-1380-4A4B-88FE-66A5558EBBF8}.Release|Any CPU.Build.0 = Release|Any CPU
	EndGlobalSection
	GlobalSection(SolutionProperties) = preSolution
		HideSolutionNode = FALSE
	EndGlobalSection
	GlobalSection(NestedProjects) = preSolution
		{E721EBA4-D1D8-4752-8A56-CC6D61EAB187} = {9FA98186-D785-4382-A581-CFB7313BEB8D}
		{B91E89B5-1380-4A4B-88FE-66A5558EBBF8} = {9FA98186-D785-4382-A581-CFB7313BEB8D}
	EndGlobalSection
	GlobalSection(ExtensibilityGlobals) = postSolution
		SolutionGuid = {A0C474F2-DFB6-4294-A2BD-5447EE9DAAA2}
	EndGlobalSection
EndGlobal
